
Microsoft Visual Studio Solution File, Format Version 12.00
# Visual Studio Version 17
VisualStudioVersion = 17.7.34031.279
MinimumVisualStudioVersion = 10.0.40219.1
Project("{9A19103F-16F7-4668-BE54-9A1E7A4F7556}") = "Web", "Web\Web.csproj", "{50A48F1F-6650-4CAD-BB0D-E13B0023AEC2}"
EndProject
Project("{9A19103F-16F7-4668-BE54-9A1E7A4F7556}") = "Infrastructure", "Infrastructure\Infrastructure.csproj", "{9C6F30FB-B84E-4440-8E62-5674A54F80C8}"
EndProject
Project("{9A19103F-16F7-4668-BE54-9A1E7A4F7556}") = "Application", "Application\Application.csproj", "{B897BAA2-EF51-4A3B-881D-8D012987A0E6}"
EndProject
Project("{9A19103F-16F7-4668-BE54-9A1E7A4F7556}") = "Domain", "Domain\Domain.csproj", "{7F6F0BF1-3B60-421E-BC94-78133798F54E}"
EndProject
Project("{9A19103F-16F7-4668-BE54-9A1E7A4F7556}") = "Tests", "Tests\Tests.csproj", "{6064D3CF-B7B1-48CE-A374-0EEDD480B37F}"
EndProject
Project("{E53339B2-1760-4266-BCC7-CA923CBCF16C}") = "docker-compose", "docker-compose.dcproj", "{ACC81500-90BC-4D03-9118-B61A475961AE}"
EndProject
Global
	GlobalSection(SolutionConfigurationPlatforms) = preSolution
		Debug|Any CPU = Debug|Any CPU
		Release|Any CPU = Release|Any CPU
	EndGlobalSection
	GlobalSection(ProjectConfigurationPlatforms) = postSolution
		{50A48F1F-6650-4CAD-BB0D-E13B0023AEC2}.Debug|Any CPU.ActiveCfg = Debug|Any CPU
		{50A48F1F-6650-4CAD-BB0D-E13B0023AEC2}.Debug|Any CPU.Build.0 = Debug|Any CPU
		{50A48F1F-6650-4CAD-BB0D-E13B0023AEC2}.Release|Any CPU.ActiveCfg = Release|Any CPU
		{50A48F1F-6650-4CAD-BB0D-E13B0023AEC2}.Release|Any CPU.Build.0 = Release|Any CPU
		{9C6F30FB-B84E-4440-8E62-5674A54F80C8}.Debug|Any CPU.ActiveCfg = Debug|Any CPU
		{9C6F30FB-B84E-4440-8E62-5674A54F80C8}.Debug|Any CPU.Build.0 = Debug|Any CPU
		{9C6F30FB-B84E-4440-8E62-5674A54F80C8}.Release|Any CPU.ActiveCfg = Release|Any CPU
		{9C6F30FB-B84E-4440-8E62-5674A54F80C8}.Release|Any CPU.Build.0 = Release|Any CPU
		{B897BAA2-EF51-4A3B-881D-8D012987A0E6}.Debug|Any CPU.ActiveCfg = Debug|Any CPU
		{B897BAA2-EF51-4A3B-881D-8D012987A0E6}.Debug|Any CPU.Build.0 = Debug|Any CPU
		{B897BAA2-EF51-4A3B-881D-8D012987A0E6}.Release|Any CPU.ActiveCfg = Release|Any CPU
		{B897BAA2-EF51-4A3B-881D-8D012987A0E6}.Release|Any CPU.Build.0 = Release|Any CPU
		{7F6F0BF1-3B60-421E-BC94-78133798F54E}.Debug|Any CPU.ActiveCfg = Debug|Any CPU
		{7F6F0BF1-3B60-421E-BC94-78133798F54E}.Debug|Any CPU.Build.0 = Debug|Any CPU
		{7F6F0BF1-3B60-421E-BC94-78133798F54E}.Release|Any CPU.ActiveCfg = Release|Any CPU
		{7F6F0BF1-3B60-421E-BC94-78133798F54E}.Release|Any CPU.Build.0 = Release|Any CPU
		{6064D3CF-B7B1-48CE-A374-0EEDD480B37F}.Debug|Any CPU.ActiveCfg = Debug|Any CPU
		{6064D3CF-B7B1-48CE-A374-0EEDD480B37F}.Debug|Any CPU.Build.0 = Debug|Any CPU
		{6064D3CF-B7B1-48CE-A374-0EEDD480B37F}.Release|Any CPU.ActiveCfg = Release|Any CPU
		{6064D3CF-B7B1-48CE-A374-0EEDD480B37F}.Release|Any CPU.Build.0 = Release|Any CPU
		{ACC81500-90BC-4D03-9118-B61A475961AE}.Debug|Any CPU.ActiveCfg = Debug|Any CPU
		{ACC81500-90BC-4D03-9118-B61A475961AE}.Debug|Any CPU.Build.0 = Debug|Any CPU
		{ACC81500-90BC-4D03-9118-B61A475961AE}.Release|Any CPU.ActiveCfg = Release|Any CPU
		{ACC81500-90BC-4D03-9118-B61A475961AE}.Release|Any CPU.Build.0 = Release|Any CPU
	EndGlobalSection
	GlobalSection(SolutionProperties) = preSolution
		HideSolutionNode = FALSE
	EndGlobalSection
	GlobalSection(ExtensibilityGlobals) = postSolution
		SolutionGuid = {129B889D-8D56-496E-978F-71BF09CAB5CB}
	EndGlobalSection
EndGlobal
